
Microsoft Visual Studio Solution File, Format Version 12.00
# Visual Studio Version 16
VisualStudioVersion = 16.0.29709.97
MinimumVisualStudioVersion = 10.0.40219.1
Project("{FAE04EC0-301F-11D3-BF4B-00C04F79EFBC}") = "GUI_Registration", "GUI_Registration.csproj", "{CF778E65-7BDB-4B23-BE92-8ED19955545E}"
EndProject
Global
	GlobalSection(SolutionConfigurationPlatforms) = preSolution
		Debug|Any CPU = Debug|Any CPU
		Release|Any CPU = Release|Any CPU
	EndGlobalSection
	GlobalSection(ProjectConfigurationPlatforms) = postSolution
		{CF778E65-7BDB-4B23-BE92-8ED19955545E}.Debug|Any CPU.ActiveCfg = Debug|Any CPU
		{CF778E65-7BDB-4B23-BE92-8ED19955545E}.Debug|Any CPU.Build.0 = Debug|Any CPU
		{CF778E65-7BDB-4B23-BE92-8ED19955545E}.Release|Any CPU.ActiveCfg = Release|Any CPU
		{CF778E65-7BDB-4B23-BE92-8ED19955545E}.Release|Any CPU.Build.0 = Release|Any CPU
	EndGlobalSection
	GlobalSection(SolutionProperties) = preSolution
		HideSolutionNode = FALSE
	EndGlobalSection
	GlobalSection(ExtensibilityGlobals) = postSolution
		SolutionGuid = {9BEC1349-75ED-454E-8911-C608A6FC58CB}
	EndGlobalSection
EndGlobal
